
Microsoft Visual Studio Solution File, Format Version 12.00
# Visual Studio 15
VisualStudioVersion = 15.0.27004.2009
MinimumVisualStudioVersion = 10.0.40219.1
Project("{FAE04EC0-301F-11D3-BF4B-00C04F79EFBC}") = "CerebrexFlavourPack", "CerebrexFlavourPack/CerebrexFlavourPack.csproj", "{D7D21B4A-1DA7-41D8-B202-C58CA8FA62AA}"
EndProject
Project("{FAE04EC0-301F-11D3-BF4B-00C04F79EFBC}") = "CerebrexFlavourPack.Compat.Playwright", "CerebrexFlavourPack.Compat.Playwright/CerebrexFlavourPack.Compat.Playwright.csproj", "{9E2A4F1B-6C3D-4A8E-B5F0-2D7C9A1E3F4B}"
EndProject
Project("{FAE04EC0-301F-11D3-BF4B-00C04F79EFBC}") = "CerebrexFlavourPack.Compat.MechUpgrades", "CerebrexFlavourPack.Compat.MechUpgrades/CerebrexFlavourPack.Compat.MechUpgrades.csproj", "{3B6C8D25-47AE-4F13-90D6-5C81E2A7B934}"
EndProject
Global
    GlobalSection(SolutionConfigurationPlatforms) = preSolution
        Debug|Any CPU = Debug|Any CPU
        Release|Any CPU = Release|Any CPU
    EndGlobalSection
    GlobalSection(ProjectConfigurationPlatforms) = postSolution
        {D7D21B4A-1DA7-41D8-B202-C58CA8FA62AA}.Debug|Any CPU.ActiveCfg = Debug|Any CPU
        {D7D21B4A-1DA7-41D8-B202-C58CA8FA62AA}.Debug|Any CPU.Build.0 = Debug|Any CPU
        {D7D21B4A-1DA7-41D8-B202-C58CA8FA62AA}.Release|Any CPU.ActiveCfg = Release|Any CPU
        {D7D21B4A-1DA7-41D8-B202-C58CA8FA62AA}.Release|Any CPU.Build.0 = Release|Any CPU
        {9E2A4F1B-6C3D-4A8E-B5F0-2D7C9A1E3F4B}.Debug|Any CPU.ActiveCfg = Debug|Any CPU
        {9E2A4F1B-6C3D-4A8E-B5F0-2D7C9A1E3F4B}.Debug|Any CPU.Build.0 = Debug|Any CPU
        {9E2A4F1B-6C3D-4A8E-B5F0-2D7C9A1E3F4B}.Release|Any CPU.ActiveCfg = Release|Any CPU
        {9E2A4F1B-6C3D-4A8E-B5F0-2D7C9A1E3F4B}.Release|Any CPU.Build.0 = Release|Any CPU
        {3B6C8D25-47AE-4F13-90D6-5C81E2A7B934}.Debug|Any CPU.ActiveCfg = Debug|Any CPU
        {3B6C8D25-47AE-4F13-90D6-5C81E2A7B934}.Debug|Any CPU.Build.0 = Debug|Any CPU
        {3B6C8D25-47AE-4F13-90D6-5C81E2A7B934}.Release|Any CPU.ActiveCfg = Release|Any CPU
        {3B6C8D25-47AE-4F13-90D6-5C81E2A7B934}.Release|Any CPU.Build.0 = Release|Any CPU
    EndGlobalSection
    GlobalSection(SolutionProperties) = preSolution
        HideSolutionNode = FALSE
    EndGlobalSection
    GlobalSection(ExtensibilityGlobals) = postSolution
        SolutionGuid = {28CF9A73-5333-4EB3-BFCC-3FBEDDA19200}
    EndGlobalSection
EndGlobal
